
Microsoft Visual Studio Solution File, Format Version 12.00
# Visual Studio Version 17
VisualStudioVersion = 17.2.32630.192
MinimumVisualStudioVersion = 10.0.40219.1
Project("{2150E333-8FDC-42A3-9474-1A3956D46DE8}") = "1.Service", "1.Service", "{61B47C9C-7738-45E2-9199-B29D277C99EF}"
EndProject
Project("{9A19103F-16F7-4668-BE54-9A1E7A4F7556}") = "Service", "Service\Service.csproj", "{95A2A2F2-C4A9-4377-8D12-0B18C897D6FF}"
EndProject
Project("{2150E333-8FDC-42A3-9474-1A3956D46DE8}") = "2.business", "2.business", "{9B0DDF8C-584C-4B82-A45A-22412C39849D}"
EndProject
Project("{9A19103F-16F7-4668-BE54-9A1E7A4F7556}") = "BusinessLogic", "BusinessLogic\BusinessLogic.csproj", "{CD564BC0-2DB4-4CDB-B5EA-0C603A8D092D}"
EndProject
Project("{9A19103F-16F7-4668-BE54-9A1E7A4F7556}") = "BusinessModel", "BusinessModel\BusinessModel.csproj", "{E569941B-3EB6-4C93-A7D6-9CB93BDF6030}"
EndProject
Project("{9A19103F-16F7-4668-BE54-9A1E7A4F7556}") = "ViewModel", "ViewModel\ViewModel.csproj", "{F7F14C11-2043-478E-AAF1-764A1CC93350}"
EndProject
Project("{2150E333-8FDC-42A3-9474-1A3956D46DE8}") = "3.DataAccess", "3.DataAccess", "{6311D5B8-DC4E-4255-9F64-09B666F5111B}"
EndProject
Project("{9A19103F-16F7-4668-BE54-9A1E7A4F7556}") = "DataAccess", "DataAccess\DataAccess.csproj", "{E69870EC-EE9B-4F94-8488-4818121E3ADF}"
EndProject
Project("{9A19103F-16F7-4668-BE54-9A1E7A4F7556}") = "DataTransferModel", "DataTransfer\DataTransferModel.csproj", "{E16F48AB-9770-481F-AEFE-AF1AA9CA6FB0}"
EndProject
Global
	GlobalSection(SolutionConfigurationPlatforms) = preSolution
		Debug|Any CPU = Debug|Any CPU
		Release|Any CPU = Release|Any CPU
	EndGlobalSection
	GlobalSection(ProjectConfigurationPlatforms) = postSolution
		{95A2A2F2-C4A9-4377-8D12-0B18C897D6FF}.Debug|Any CPU.ActiveCfg = Debug|Any CPU
		{95A2A2F2-C4A9-4377-8D12-0B18C897D6FF}.Debug|Any CPU.Build.0 = Debug|Any CPU
		{95A2A2F2-C4A9-4377-8D12-0B18C897D6FF}.Release|Any CPU.ActiveCfg = Release|Any CPU
		{95A2A2F2-C4A9-4377-8D12-0B18C897D6FF}.Release|Any CPU.Build.0 = Release|Any CPU
		{CD564BC0-2DB4-4CDB-B5EA-0C603A8D092D}.Debug|Any CPU.ActiveCfg = Debug|Any CPU
		{CD564BC0-2DB4-4CDB-B5EA-0C603A8D092D}.Debug|Any CPU.Build.0 = Debug|Any CPU
		{CD564BC0-2DB4-4CDB-B5EA-0C603A8D092D}.Release|Any CPU.ActiveCfg = Release|Any CPU
		{CD564BC0-2DB4-4CDB-B5EA-0C603A8D092D}.Release|Any CPU.Build.0 = Release|Any CPU
		{E569941B-3EB6-4C93-A7D6-9CB93BDF6030}.Debug|Any CPU.ActiveCfg = Debug|Any CPU
		{E569941B-3EB6-4C93-A7D6-9CB93BDF6030}.Debug|Any CPU.Build.0 = Debug|Any CPU
		{E569941B-3EB6-4C93-A7D6-9CB93BDF6030}.Release|Any CPU.ActiveCfg = Release|Any CPU
		{E569941B-3EB6-4C93-A7D6-9CB93BDF6030}.Release|Any CPU.Build.0 = Release|Any CPU
		{F7F14C11-2043-478E-AAF1-764A1CC93350}.Debug|Any CPU.ActiveCfg = Debug|Any CPU
		{F7F14C11-2043-478E-AAF1-764A1CC93350}.Debug|Any CPU.Build.0 = Debug|Any CPU
		{F7F14C11-2043-478E-AAF1-764A1CC93350}.Release|Any CPU.ActiveCfg = Release|Any CPU
		{F7F14C11-2043-478E-AAF1-764A1CC93350}.Release|Any CPU.Build.0 = Release|Any CPU
		{E69870EC-EE9B-4F94-8488-4818121E3ADF}.Debug|Any CPU.ActiveCfg = Debug|Any CPU
		{E69870EC-EE9B-4F94-8488-4818121E3ADF}.Debug|Any CPU.Build.0 = Debug|Any CPU
		{E69870EC-EE9B-4F94-8488-4818121E3ADF}.Release|Any CPU.ActiveCfg = Release|Any CPU
		{E69870EC-EE9B-4F94-8488-4818121E3ADF}.Release|Any CPU.Build.0 = Release|Any CPU
		{E16F48AB-9770-481F-AEFE-AF1AA9CA6FB0}.Debug|Any CPU.ActiveCfg = Debug|Any CPU
		{E16F48AB-9770-481F-AEFE-AF1AA9CA6FB0}.Debug|Any CPU.Build.0 = Debug|Any CPU
		{E16F48AB-9770-481F-AEFE-AF1AA9CA6FB0}.Release|Any CPU.ActiveCfg = Release|Any CPU
		{E16F48AB-9770-481F-AEFE-AF1AA9CA6FB0}.Release|Any CPU.Build.0 = Release|Any CPU
	EndGlobalSection
	GlobalSection(SolutionProperties) = preSolution
		HideSolutionNode = FALSE
	EndGlobalSection
	GlobalSection(NestedProjects) = preSolution
		{95A2A2F2-C4A9-4377-8D12-0B18C897D6FF} = {61B47C9C-7738-45E2-9199-B29D277C99EF}
		{CD564BC0-2DB4-4CDB-B5EA-0C603A8D092D} = {9B0DDF8C-584C-4B82-A45A-22412C39849D}
		{E569941B-3EB6-4C93-A7D6-9CB93BDF6030} = {9B0DDF8C-584C-4B82-A45A-22412C39849D}
		{F7F14C11-2043-478E-AAF1-764A1CC93350} = {9B0DDF8C-584C-4B82-A45A-22412C39849D}
		{E69870EC-EE9B-4F94-8488-4818121E3ADF} = {6311D5B8-DC4E-4255-9F64-09B666F5111B}
		{E16F48AB-9770-481F-AEFE-AF1AA9CA6FB0} = {6311D5B8-DC4E-4255-9F64-09B666F5111B}
	EndGlobalSection
	GlobalSection(ExtensibilityGlobals) = postSolution
		SolutionGuid = {64490061-4572-4858-9285-DE9296D87755}
	EndGlobalSection
EndGlobal
